
Microsoft Visual Studio Solution File, Format Version 12.00
# Visual Studio Version 17
VisualStudioVersion = 17.14.36623.8
MinimumVisualStudioVersion = 10.0.40219.1
Project("{8BC9CEB8-8B4A-11D0-8D11-00A0C91BC942}") = "FITbuddy", "FITbuddy\FITbuddy.vcxproj", "{4E058049-B339-4E4C-B8EB-E841A2DE152B}"
EndProject
Project("{8BC9CEB8-8B4A-11D0-8D11-00A0C91BC942}") = "TestProject", "TestProject\TestProject.vcxproj", "{5BC43F72-FBC4-B75C-0CE0-A7E21AF878B0}"
EndProject
Global
	GlobalSection(SolutionConfigurationPlatforms) = preSolution
		Debug|x64 = Debug|x64
		Debug|x86 = Debug|x86
		Release|x64 = Release|x64
		Release|x86 = Release|x86
	EndGlobalSection
	GlobalSection(ProjectConfigurationPlatforms) = postSolution
		{4E058049-B339-4E4C-B8EB-E841A2DE152B}.Debug|x64.ActiveCfg = Debug|x64
		{4E058049-B339-4E4C-B8EB-E841A2DE152B}.Debug|x64.Build.0 = Debug|x64
		{4E058049-B339-4E4C-B8EB-E841A2DE152B}.Debug|x86.ActiveCfg = Debug|Win32
		{4E058049-B339-4E4C-B8EB-E841A2DE152B}.Debug|x86.Build.0 = Debug|Win32
		{4E058049-B339-4E4C-B8EB-E841A2DE152B}.Release|x64.ActiveCfg = Release|x64
		{4E058049-B339-4E4C-B8EB-E841A2DE152B}.Release|x64.Build.0 = Release|x64
		{4E058049-B339-4E4C-B8EB-E841A2DE152B}.Release|x86.ActiveCfg = Release|Win32
		{4E058049-B339-4E4C-B8EB-E841A2DE152B}.Release|x86.Build.0 = Release|Win32
		{5BC43F72-FBC4-B75C-0CE0-A7E21AF878B0}.Debug|x64.ActiveCfg = Debug|x64
		{5BC43F72-FBC4-B75C-0CE0-A7E21AF878B0}.Debug|x64.Build.0 = Debug|x64
		{5BC43F72-FBC4-B75C-0CE0-A7E21AF878B0}.Debug|x86.ActiveCfg = Debug|Win32
		{5BC43F72-FBC4-B75C-0CE0-A7E21AF878B0}.Debug|x86.Build.0 = Debug|Win32
		{5BC43F72-FBC4-B75C-0CE0-A7E21AF878B0}.Release|x64.ActiveCfg = Release|x64
		{5BC43F72-FBC4-B75C-0CE0-A7E21AF878B0}.Release|x64.Build.0 = Release|x64
		{5BC43F72-FBC4-B75C-0CE0-A7E21AF878B0}.Release|x86.ActiveCfg = Release|Win32
		{5BC43F72-FBC4-B75C-0CE0-A7E21AF878B0}.Release|x86.Build.0 = Release|Win32
	EndGlobalSection
	GlobalSection(SolutionProperties) = preSolution
		HideSolutionNode = FALSE
	EndGlobalSection
	GlobalSection(ExtensibilityGlobals) = postSolution
		SolutionGuid = {5FEB6750-F16C-46FC-885C-56673B571D79}
	EndGlobalSection
EndGlobal
